<?xml version="1.0" encoding="utf-8"?>
<Project ToolsVersion="4.0" xmlns="http://schemas.microsoft.com/developer/msbuild/2003">
  <ItemGroup>
    <ClCompile Include="..\src\app.cc" />
    <ClCompile Include="..\src\filters.c" />
    <ClCompile Include="..\src\main_glut.cc" />
    <ClCompile Include="..\src\opengl.c" />
    <ClCompile Include="..\src\sdr.c" />
    <ClCompile Include="..\src\videotex.cc" />
    <ClCompile Include="..\src\video\video.cc">
      <Filter>video</Filter>
    </ClCompile>
    <ClCompile Include="..\src\video\yuvconvert.cc">
      <Filter>video</Filter>
    </ClCompile>
    <ClCompile Include="..\src\video\yuvflatten.cc">
      <Filter>video</Filter>
    </ClCompile>
    <ClCompile Include="..\src\gmath\matrix.cc">
      <Filter>gmath</Filter>
    </ClCompile>
    <ClCompile Include="..\src\gmath\misc.cc">
      <Filter>gmath</Filter>
    </ClCompile>
    <ClCompile Include="..\src\gmath\noise.cc">
      <Filter>gmath</Filter>
    </ClCompile>
    <ClCompile Include="..\src\gmath\quat.cc">
      <Filter>gmath</Filter>
    </ClCompile>
    <ClCompile Include="..\src\gmath\ray.cc">
      <Filter>gmath</Filter>
    </ClCompile>
    <ClCompile Include="..\src\gmath\vector.cc">
      <Filter>gmath</Filter>
    </ClCompile>
    <ClCompile Include="..\src\app\model.cc">
      <Filter>app</Filter>
    </ClCompile>
    <ClCompile Include="..\src\app\view.cc">
      <Filter>app</Filter>
    </ClCompile>
    <ClCompile Include="..\src\app\controller.cc">
      <Filter>app</Filter>
    </ClCompile>
    <ClCompile Include="..\src\app\view_clip.cc">
      <Filter>app</Filter>
    </ClCompile>
    <ClCompile Include="..\src\app\view_insert_poly.cc">
      <Filter>app</Filter>
    </ClCompile>
    <ClCompile Include="..\src\clip\clip.cc">
      <Filter>clip</Filter>
    </ClCompile>
    <ClCompile Include="..\src\app\view_edit_poly.cc">
      <Filter>app</Filter>
    </ClCompile>
  </ItemGroup>
  <ItemGroup>
    <ClInclude Include="..\src\app.h" />
    <ClInclude Include="..\src\filters.h" />
    <ClInclude Include="..\src\opengl.h" />
    <ClInclude Include="..\src\sdr.h" />
    <ClInclude Include="..\src\videotex.h" />
    <ClInclude Include="..\src\video\imgconvert.h">
      <Filter>video</Filter>
    </ClInclude>
    <ClInclude Include="..\src\video\video.h">
      <Filter>video</Filter>
    </ClInclude>
    <ClInclude Include="..\src\gmath\config.h">
      <Filter>gmath</Filter>
    </ClInclude>
    <ClInclude Include="..\src\gmath\gmath.h">
      <Filter>gmath</Filter>
    </ClInclude>
    <ClInclude Include="..\src\gmath\matrix.h">
      <Filter>gmath</Filter>
    </ClInclude>
    <ClInclude Include="..\src\gmath\misc.h">
      <Filter>gmath</Filter>
    </ClInclude>
    <ClInclude Include="..\src\gmath\noise.h">
      <Filter>gmath</Filter>
    </ClInclude>
    <ClInclude Include="..\src\gmath\quat.h">
      <Filter>gmath</Filter>
    </ClInclude>
    <ClInclude Include="..\src\gmath\ray.h">
      <Filter>gmath</Filter>
    </ClInclude>
    <ClInclude Include="..\src\gmath\swizzle.h">
      <Filter>gmath</Filter>
    </ClInclude>
    <ClInclude Include="..\src\gmath\vector.h">
      <Filter>gmath</Filter>
    </ClInclude>
    <ClInclude Include="..\src\clip\clip.h">
      <Filter>clip</Filter>
    </ClInclude>
    <ClInclude Include="..\src\app\controller.h">
      <Filter>app</Filter>
    </ClInclude>
    <ClInclude Include="..\src\app\model.h">
      <Filter>app</Filter>
    </ClInclude>
    <ClInclude Include="..\src\app\view.h">
      <Filter>app</Filter>
    </ClInclude>
    <ClInclude Include="..\src\app\view_insert_poly.h">
      <Filter>app</Filter>
    </ClInclude>
    <ClInclude Include="..\src\app\view_clip.h">
      <Filter>app</Filter>
    </ClInclude>
    <ClInclude Include="..\src\app\view_edit_poly.h">
      <Filter>app</Filter>
    </ClInclude>
  </ItemGroup>
  <ItemGroup>
    <Filter Include="video">
      <UniqueIdentifier>{57b1420a-c1b3-48e3-92c8-4db87a7bbeb8}</UniqueIdentifier>
    </Filter>
    <Filter Include="gmath">
      <UniqueIdentifier>{4f54ce1d-d3e6-4132-86a3-3897d2af0c2b}</UniqueIdentifier>
    </Filter>
    <Filter Include="clip">
      <UniqueIdentifier>{00f2d9d2-92a3-4f36-af4a-b574644fc956}</UniqueIdentifier>
    </Filter>
    <Filter Include="app">
      <UniqueIdentifier>{1bb98568-ce96-44f7-a45d-f67aa851f1e1}</UniqueIdentifier>
    </Filter>
  </ItemGroup>
  <ItemGroup>
    <None Include="..\src\video\imgconvert.inl">
      <Filter>video</Filter>
    </None>
    <None Include="..\src\gmath\matrix.inl">
      <Filter>gmath</Filter>
    </None>
    <None Include="..\src\gmath\quat.inl">
      <Filter>gmath</Filter>
    </None>
    <None Include="..\src\gmath\vector2.inl">
      <Filter>gmath</Filter>
    </None>
    <None Include="..\src\gmath\vector3.inl">
      <Filter>gmath</Filter>
    </None>
    <None Include="..\src\gmath\vector4.inl">
      <Filter>gmath</Filter>
    </None>
  </ItemGroup>
</Project>